
Microsoft Visual Studio Solution File, Format Version 12.00
# Visual Studio Version 17
VisualStudioVersion = 17.13.35931.197
MinimumVisualStudioVersion = 10.0.40219.1
Project("{2150E333-8FDC-42A3-9474-1A3956D46DE8}") = "src", "src", "{02EA681E-C7D8-13C7-8484-4AC65E1B71E8}"
EndProject
Project("{2150E333-8FDC-42A3-9474-1A3956D46DE8}") = "api", "api", "{8031D994-B1D3-4508-8B4B-BE392B1796FB}"
EndProject
Project("{2150E333-8FDC-42A3-9474-1A3956D46DE8}") = "core", "core", "{F606BAF3-74B6-4180-81FC-125B7485B00D}"
EndProject
Project("{2150E333-8FDC-42A3-9474-1A3956D46DE8}") = "infrastructure", "infrastructure", "{29BD41A9-CA0F-490A-AC1F-1124233F004C}"
EndProject
Project("{FAE04EC0-301F-11D3-BF4B-00C04F79EFBC}") = "MyTask.Api.Client", "MyTask.Api.Client\MyTask.Api.Client.csproj", "{7C66FEEA-5166-44EB-AF3B-6671052827D4}"
EndProject
Project("{FAE04EC0-301F-11D3-BF4B-00C04F79EFBC}") = "MyTask.Application", "MyTask.Application\MyTask.Application.csproj", "{08506504-1200-47C4-9AAA-E65B80106307}"
EndProject
Project("{FAE04EC0-301F-11D3-BF4B-00C04F79EFBC}") = "MyTask.Domain", "MyTask.Domain\MyTask.Domain.csproj", "{940BF450-7C74-4738-8B8C-B88AD737A949}"
EndProject
Project("{FAE04EC0-301F-11D3-BF4B-00C04F79EFBC}") = "MyTask.Persistence", "MyTask.Persistence\MyTask.Persistence.csproj", "{149FF184-5525-41A6-B6FB-7AEFC80E30CB}"
EndProject
Project("{FAE04EC0-301F-11D3-BF4B-00C04F79EFBC}") = "MyTask.Security", "MyTask.Security\MyTask.Security.csproj", "{561440E8-4402-4833-B45C-D77AB2899287}"
EndProject
Project("{FAE04EC0-301F-11D3-BF4B-00C04F79EFBC}") = "MyTask.RedisCache", "MyTask.RedisCache\MyTask.RedisCache.csproj", "{CABAD8F9-E020-42C7-ADC3-1E1DB9B06A47}"
EndProject
Global
	GlobalSection(SolutionConfigurationPlatforms) = preSolution
		Debug|Any CPU = Debug|Any CPU
		Release|Any CPU = Release|Any CPU
	EndGlobalSection
	GlobalSection(ProjectConfigurationPlatforms) = postSolution
		{7C66FEEA-5166-44EB-AF3B-6671052827D4}.Debug|Any CPU.ActiveCfg = Debug|Any CPU
		{7C66FEEA-5166-44EB-AF3B-6671052827D4}.Debug|Any CPU.Build.0 = Debug|Any CPU
		{7C66FEEA-5166-44EB-AF3B-6671052827D4}.Release|Any CPU.ActiveCfg = Release|Any CPU
		{7C66FEEA-5166-44EB-AF3B-6671052827D4}.Release|Any CPU.Build.0 = Release|Any CPU
		{08506504-1200-47C4-9AAA-E65B80106307}.Debug|Any CPU.ActiveCfg = Debug|Any CPU
		{08506504-1200-47C4-9AAA-E65B80106307}.Debug|Any CPU.Build.0 = Debug|Any CPU
		{08506504-1200-47C4-9AAA-E65B80106307}.Release|Any CPU.ActiveCfg = Release|Any CPU
		{08506504-1200-47C4-9AAA-E65B80106307}.Release|Any CPU.Build.0 = Release|Any CPU
		{940BF450-7C74-4738-8B8C-B88AD737A949}.Debug|Any CPU.ActiveCfg = Debug|Any CPU
		{940BF450-7C74-4738-8B8C-B88AD737A949}.Debug|Any CPU.Build.0 = Debug|Any CPU
		{940BF450-7C74-4738-8B8C-B88AD737A949}.Release|Any CPU.ActiveCfg = Release|Any CPU
		{940BF450-7C74-4738-8B8C-B88AD737A949}.Release|Any CPU.Build.0 = Release|Any CPU
		{149FF184-5525-41A6-B6FB-7AEFC80E30CB}.Debug|Any CPU.ActiveCfg = Debug|Any CPU
		{149FF184-5525-41A6-B6FB-7AEFC80E30CB}.Debug|Any CPU.Build.0 = Debug|Any CPU
		{149FF184-5525-41A6-B6FB-7AEFC80E30CB}.Release|Any CPU.ActiveCfg = Release|Any CPU
		{149FF184-5525-41A6-B6FB-7AEFC80E30CB}.Release|Any CPU.Build.0 = Release|Any CPU
		{561440E8-4402-4833-B45C-D77AB2899287}.Debug|Any CPU.ActiveCfg = Debug|Any CPU
		{561440E8-4402-4833-B45C-D77AB2899287}.Debug|Any CPU.Build.0 = Debug|Any CPU
		{561440E8-4402-4833-B45C-D77AB2899287}.Release|Any CPU.ActiveCfg = Release|Any CPU
		{561440E8-4402-4833-B45C-D77AB2899287}.Release|Any CPU.Build.0 = Release|Any CPU
		{CABAD8F9-E020-42C7-ADC3-1E1DB9B06A47}.Debug|Any CPU.ActiveCfg = Debug|Any CPU
		{CABAD8F9-E020-42C7-ADC3-1E1DB9B06A47}.Debug|Any CPU.Build.0 = Debug|Any CPU
		{CABAD8F9-E020-42C7-ADC3-1E1DB9B06A47}.Release|Any CPU.ActiveCfg = Release|Any CPU
		{CABAD8F9-E020-42C7-ADC3-1E1DB9B06A47}.Release|Any CPU.Build.0 = Release|Any CPU
	EndGlobalSection
	GlobalSection(SolutionProperties) = preSolution
		HideSolutionNode = FALSE
	EndGlobalSection
	GlobalSection(NestedProjects) = preSolution
		{8031D994-B1D3-4508-8B4B-BE392B1796FB} = {02EA681E-C7D8-13C7-8484-4AC65E1B71E8}
		{F606BAF3-74B6-4180-81FC-125B7485B00D} = {02EA681E-C7D8-13C7-8484-4AC65E1B71E8}
		{29BD41A9-CA0F-490A-AC1F-1124233F004C} = {02EA681E-C7D8-13C7-8484-4AC65E1B71E8}
		{7C66FEEA-5166-44EB-AF3B-6671052827D4} = {8031D994-B1D3-4508-8B4B-BE392B1796FB}
		{08506504-1200-47C4-9AAA-E65B80106307} = {F606BAF3-74B6-4180-81FC-125B7485B00D}
		{940BF450-7C74-4738-8B8C-B88AD737A949} = {F606BAF3-74B6-4180-81FC-125B7485B00D}
		{149FF184-5525-41A6-B6FB-7AEFC80E30CB} = {29BD41A9-CA0F-490A-AC1F-1124233F004C}
		{561440E8-4402-4833-B45C-D77AB2899287} = {29BD41A9-CA0F-490A-AC1F-1124233F004C}
		{CABAD8F9-E020-42C7-ADC3-1E1DB9B06A47} = {29BD41A9-CA0F-490A-AC1F-1124233F004C}
	EndGlobalSection
	GlobalSection(ExtensibilityGlobals) = postSolution
		SolutionGuid = {500C37D9-B1C5-4950-BE52-DF03B88F9FE2}
	EndGlobalSection
EndGlobal
